{
    "_readme": [
        "This file locks the dependencies of your project to a known state",
        "Read more about it at https://getcomposer.org/doc/01-basic-usage.md#installing-dependencies",
        "This file is @generated automatically"
    ],
    "content-hash": "187059deedfba5b3f6e0cfa46a96ce6d",
    "packages": [
        {
            "name": "calvinalkan/interfaces",
            "version": "0.1.0",
            "source": {
                "type": "git",
                "url": "https://github.com/calvinalkan/interfaces.git",
                "reference": "1d69ef6ea15cc0069d73c6f2ee7006b5286735f4"
            },
            "dist": {
                "type": "zip",
                "url": "https://api.github.com/repos/calvinalkan/interfaces/zipball/1d69ef6ea15cc0069d73c6f2ee7006b5286735f4",
                "reference": "1d69ef6ea15cc0069d73c6f2ee7006b5286735f4",
                "shasum": ""
            },
            "type": "library",
            "autoload": {
                "psr-4": {
                    "Contracts\\": "/contracts"
                }
            },
            "notification-url": "https://packagist.org/downloads/",
            "license": [
                "GPL-2.0-or-later"
            ],
            "authors": [
                {
                    "name": "Calvin Alkan",
                    "email": "calvin@snicco.de"
                }
            ],
            "homepage": "https://github.com/calvinalkan/interfaces",
            "keywords": [
                "events",
                "hooks",
                "laravel",
                "plugin",
                "wordpress"
            ],
            "support": {
                "issues": "https://github.com/calvinalkan/interfaces/issues",
                "source": "https://github.com/calvinalkan/interfaces/tree/0.1.0"
            },
            "time": "2021-03-29T04:21:11+00:00"
        }
    ],
    "packages-dev": [],
    "aliases": [],
    "minimum-stability": "stable",
    "stability-flags": [],
    "prefer-stable": false,
    "prefer-lowest": false,
    "platform": [],
    "platform-dev": [],
    "plugin-api-version": "2.0.0"
}
